
Microsoft Visual Studio Solution File, Format Version 12.00
# Visual Studio 2012
Project("{FAE04EC0-301F-11D3-BF4B-00C04F79EFBC}") = "Sacknet.KinectFacialRecognition", "Sacknet.KinectFacialRecognition\Sacknet.KinectFacialRecognition.csproj", "{D10C23EC-AB96-4103-9D53-0C2089A3BCFB}"
EndProject
Project("{FAE04EC0-301F-11D3-BF4B-00C04F79EFBC}") = "Sacknet.KinectFacialRecognitionDemo", "Sacknet.KinectFacialRecognitionDemo\Sacknet.KinectFacialRecognitionDemo.csproj", "{7DEB49BA-7C81-44E8-B68E-F7BD0A7C10F1}"
EndProject
Project("{FAE04EC0-301F-11D3-BF4B-00C04F79EFBC}") = "Sacknet.KinectFacialRecognitionTests", "Sacknet.KinectFacialRecognitionTests\Sacknet.KinectFacialRecognitionTests.csproj", "{14E8FEC6-B95E-4F00-BDD1-F4FC5322180F}"
EndProject
Project("{FAE04EC0-301F-11D3-BF4B-00C04F79EFBC}") = "Knu2.Classifier", "..\TestLetterRecognition\Knu2.Classifier\Knu2.Classifier.csproj", "{BDD82352-D0D0-4729-BE7A-0AC5CECE675F}"
EndProject
Project("{FAE04EC0-301F-11D3-BF4B-00C04F79EFBC}") = "Knu2.ClassifierTests", "..\TestLetterRecognition\Knu2.ClassifierTests\Knu2.ClassifierTests.csproj", "{F20683C2-3937-4D4D-9619-79806A07D817}"
EndProject
Project("{FAE04EC0-301F-11D3-BF4B-00C04F79EFBC}") = "Microsoft.Kinect.Toolkit.FaceTracking", "Microsoft.Kinect.Toolkit.FaceTracking\Microsoft.Kinect.Toolkit.FaceTracking.csproj", "{1BCF9CEE-DF01-430E-B49D-41A9A88963EB}"
EndProject
Global
	GlobalSection(SolutionConfigurationPlatforms) = preSolution
		Debug|Any CPU = Debug|Any CPU
		Debug|Mixed Platforms = Debug|Mixed Platforms
		Debug|Win32 = Debug|Win32
		Debug|x64 = Debug|x64
		Release|Any CPU = Release|Any CPU
		Release|Mixed Platforms = Release|Mixed Platforms
		Release|Win32 = Release|Win32
		Release|x64 = Release|x64
	EndGlobalSection
	GlobalSection(ProjectConfigurationPlatforms) = postSolution
		{D10C23EC-AB96-4103-9D53-0C2089A3BCFB}.Debug|Any CPU.ActiveCfg = Debug|Any CPU
		{D10C23EC-AB96-4103-9D53-0C2089A3BCFB}.Debug|Any CPU.Build.0 = Debug|Any CPU
		{D10C23EC-AB96-4103-9D53-0C2089A3BCFB}.Debug|Mixed Platforms.ActiveCfg = Debug|Any CPU
		{D10C23EC-AB96-4103-9D53-0C2089A3BCFB}.Debug|Mixed Platforms.Build.0 = Debug|Any CPU
		{D10C23EC-AB96-4103-9D53-0C2089A3BCFB}.Debug|Win32.ActiveCfg = Debug|Any CPU
		{D10C23EC-AB96-4103-9D53-0C2089A3BCFB}.Debug|x64.ActiveCfg = Debug|Any CPU
		{D10C23EC-AB96-4103-9D53-0C2089A3BCFB}.Release|Any CPU.ActiveCfg = Release|Any CPU
		{D10C23EC-AB96-4103-9D53-0C2089A3BCFB}.Release|Any CPU.Build.0 = Release|Any CPU
		{D10C23EC-AB96-4103-9D53-0C2089A3BCFB}.Release|Mixed Platforms.ActiveCfg = Release|Any CPU
		{D10C23EC-AB96-4103-9D53-0C2089A3BCFB}.Release|Mixed Platforms.Build.0 = Release|Any CPU
		{D10C23EC-AB96-4103-9D53-0C2089A3BCFB}.Release|Win32.ActiveCfg = Release|Any CPU
		{D10C23EC-AB96-4103-9D53-0C2089A3BCFB}.Release|x64.ActiveCfg = Release|Any CPU
		{7DEB49BA-7C81-44E8-B68E-F7BD0A7C10F1}.Debug|Any CPU.ActiveCfg = Debug|Any CPU
		{7DEB49BA-7C81-44E8-B68E-F7BD0A7C10F1}.Debug|Any CPU.Build.0 = Debug|Any CPU
		{7DEB49BA-7C81-44E8-B68E-F7BD0A7C10F1}.Debug|Mixed Platforms.ActiveCfg = Debug|Any CPU
		{7DEB49BA-7C81-44E8-B68E-F7BD0A7C10F1}.Debug|Mixed Platforms.Build.0 = Debug|Any CPU
		{7DEB49BA-7C81-44E8-B68E-F7BD0A7C10F1}.Debug|Win32.ActiveCfg = Debug|Any CPU
		{7DEB49BA-7C81-44E8-B68E-F7BD0A7C10F1}.Debug|x64.ActiveCfg = Debug|Any CPU
		{7DEB49BA-7C81-44E8-B68E-F7BD0A7C10F1}.Release|Any CPU.ActiveCfg = Release|Any CPU
		{7DEB49BA-7C81-44E8-B68E-F7BD0A7C10F1}.Release|Any CPU.Build.0 = Release|Any CPU
		{7DEB49BA-7C81-44E8-B68E-F7BD0A7C10F1}.Release|Mixed Platforms.ActiveCfg = Release|Any CPU
		{7DEB49BA-7C81-44E8-B68E-F7BD0A7C10F1}.Release|Mixed Platforms.Build.0 = Release|Any CPU
		{7DEB49BA-7C81-44E8-B68E-F7BD0A7C10F1}.Release|Win32.ActiveCfg = Release|Any CPU
		{7DEB49BA-7C81-44E8-B68E-F7BD0A7C10F1}.Release|x64.ActiveCfg = Release|Any CPU
		{14E8FEC6-B95E-4F00-BDD1-F4FC5322180F}.Debug|Any CPU.ActiveCfg = Debug|Any CPU
		{14E8FEC6-B95E-4F00-BDD1-F4FC5322180F}.Debug|Any CPU.Build.0 = Debug|Any CPU
		{14E8FEC6-B95E-4F00-BDD1-F4FC5322180F}.Debug|Mixed Platforms.ActiveCfg = Debug|Any CPU
		{14E8FEC6-B95E-4F00-BDD1-F4FC5322180F}.Debug|Mixed Platforms.Build.0 = Debug|Any CPU
		{14E8FEC6-B95E-4F00-BDD1-F4FC5322180F}.Debug|Win32.ActiveCfg = Debug|Any CPU
		{14E8FEC6-B95E-4F00-BDD1-F4FC5322180F}.Debug|x64.ActiveCfg = Debug|Any CPU
		{14E8FEC6-B95E-4F00-BDD1-F4FC5322180F}.Release|Any CPU.ActiveCfg = Release|Any CPU
		{14E8FEC6-B95E-4F00-BDD1-F4FC5322180F}.Release|Any CPU.Build.0 = Release|Any CPU
		{14E8FEC6-B95E-4F00-BDD1-F4FC5322180F}.Release|Mixed Platforms.ActiveCfg = Release|Any CPU
		{14E8FEC6-B95E-4F00-BDD1-F4FC5322180F}.Release|Mixed Platforms.Build.0 = Release|Any CPU
		{14E8FEC6-B95E-4F00-BDD1-F4FC5322180F}.Release|Win32.ActiveCfg = Release|Any CPU
		{14E8FEC6-B95E-4F00-BDD1-F4FC5322180F}.Release|x64.ActiveCfg = Release|Any CPU
		{BDD82352-D0D0-4729-BE7A-0AC5CECE675F}.Debug|Any CPU.ActiveCfg = Debug|Any CPU
		{BDD82352-D0D0-4729-BE7A-0AC5CECE675F}.Debug|Any CPU.Build.0 = Debug|Any CPU
		{BDD82352-D0D0-4729-BE7A-0AC5CECE675F}.Debug|Mixed Platforms.ActiveCfg = Debug|Any CPU
		{BDD82352-D0D0-4729-BE7A-0AC5CECE675F}.Debug|Mixed Platforms.Build.0 = Debug|Any CPU
		{BDD82352-D0D0-4729-BE7A-0AC5CECE675F}.Debug|Win32.ActiveCfg = Debug|Any CPU
		{BDD82352-D0D0-4729-BE7A-0AC5CECE675F}.Debug|x64.ActiveCfg = Debug|Any CPU
		{BDD82352-D0D0-4729-BE7A-0AC5CECE675F}.Release|Any CPU.ActiveCfg = Release|Any CPU
		{BDD82352-D0D0-4729-BE7A-0AC5CECE675F}.Release|Any CPU.Build.0 = Release|Any CPU
		{BDD82352-D0D0-4729-BE7A-0AC5CECE675F}.Release|Mixed Platforms.ActiveCfg = Release|Any CPU
		{BDD82352-D0D0-4729-BE7A-0AC5CECE675F}.Release|Mixed Platforms.Build.0 = Release|Any CPU
		{BDD82352-D0D0-4729-BE7A-0AC5CECE675F}.Release|Win32.ActiveCfg = Release|Any CPU
		{BDD82352-D0D0-4729-BE7A-0AC5CECE675F}.Release|x64.ActiveCfg = Release|Any CPU
		{F20683C2-3937-4D4D-9619-79806A07D817}.Debug|Any CPU.ActiveCfg = Debug|Any CPU
		{F20683C2-3937-4D4D-9619-79806A07D817}.Debug|Any CPU.Build.0 = Debug|Any CPU
		{F20683C2-3937-4D4D-9619-79806A07D817}.Debug|Mixed Platforms.ActiveCfg = Debug|Any CPU
		{F20683C2-3937-4D4D-9619-79806A07D817}.Debug|Mixed Platforms.Build.0 = Debug|Any CPU
		{F20683C2-3937-4D4D-9619-79806A07D817}.Debug|Win32.ActiveCfg = Debug|Any CPU
		{F20683C2-3937-4D4D-9619-79806A07D817}.Debug|x64.ActiveCfg = Debug|Any CPU
		{F20683C2-3937-4D4D-9619-79806A07D817}.Release|Any CPU.ActiveCfg = Release|Any CPU
		{F20683C2-3937-4D4D-9619-79806A07D817}.Release|Any CPU.Build.0 = Release|Any CPU
		{F20683C2-3937-4D4D-9619-79806A07D817}.Release|Mixed Platforms.ActiveCfg = Release|Any CPU
		{F20683C2-3937-4D4D-9619-79806A07D817}.Release|Mixed Platforms.Build.0 = Release|Any CPU
		{F20683C2-3937-4D4D-9619-79806A07D817}.Release|Win32.ActiveCfg = Release|Any CPU
		{F20683C2-3937-4D4D-9619-79806A07D817}.Release|x64.ActiveCfg = Release|Any CPU
		{1BCF9CEE-DF01-430E-B49D-41A9A88963EB}.Debug|Any CPU.ActiveCfg = Debug|Win32
		{1BCF9CEE-DF01-430E-B49D-41A9A88963EB}.Debug|Mixed Platforms.ActiveCfg = Debug|Win32
		{1BCF9CEE-DF01-430E-B49D-41A9A88963EB}.Debug|Mixed Platforms.Build.0 = Debug|Win32
		{1BCF9CEE-DF01-430E-B49D-41A9A88963EB}.Debug|Win32.ActiveCfg = Debug|Win32
		{1BCF9CEE-DF01-430E-B49D-41A9A88963EB}.Debug|Win32.Build.0 = Debug|Win32
		{1BCF9CEE-DF01-430E-B49D-41A9A88963EB}.Debug|x64.ActiveCfg = Debug|x64
		{1BCF9CEE-DF01-430E-B49D-41A9A88963EB}.Debug|x64.Build.0 = Debug|x64
		{1BCF9CEE-DF01-430E-B49D-41A9A88963EB}.Release|Any CPU.ActiveCfg = Release|Win32
		{1BCF9CEE-DF01-430E-B49D-41A9A88963EB}.Release|Mixed Platforms.ActiveCfg = Release|Win32
		{1BCF9CEE-DF01-430E-B49D-41A9A88963EB}.Release|Mixed Platforms.Build.0 = Release|Win32
		{1BCF9CEE-DF01-430E-B49D-41A9A88963EB}.Release|Win32.ActiveCfg = Release|Win32
		{1BCF9CEE-DF01-430E-B49D-41A9A88963EB}.Release|Win32.Build.0 = Release|Win32
		{1BCF9CEE-DF01-430E-B49D-41A9A88963EB}.Release|x64.ActiveCfg = Release|x64
		{1BCF9CEE-DF01-430E-B49D-41A9A88963EB}.Release|x64.Build.0 = Release|x64
	EndGlobalSection
	GlobalSection(SolutionProperties) = preSolution
		HideSolutionNode = FALSE
	EndGlobalSection
EndGlobal
